
Microsoft Visual Studio Solution File, Format Version 12.00
# Visual Studio Version 16
VisualStudioVersion = 16.0.29102.190
MinimumVisualStudioVersion = 10.0.40219.1
Project("{FAE04EC0-301F-11D3-BF4B-00C04F79EFBC}") = "Operation", "Calc01\Operation.csproj", "{746D5B0C-FE27-4034-BB40-8EE195CA9B44}"
EndProject
Project("{FAE04EC0-301F-11D3-BF4B-00C04F79EFBC}") = "Memory", "Memory\Memory.csproj", "{06483406-D149-4C2D-A94D-4D5D34F59DF9}"
EndProject
Project("{FAE04EC0-301F-11D3-BF4B-00C04F79EFBC}") = "History", "History\History.csproj", "{0939DA83-618C-4D04-AAD4-55CD6EEAB7C1}"
EndProject
Project("{FAE04EC0-301F-11D3-BF4B-00C04F79EFBC}") = "Number", "Number\Number.csproj", "{7171AB2F-98E3-48C7-89B1-4B6AAA4DF171}"
EndProject
Project("{FAE04EC0-301F-11D3-BF4B-00C04F79EFBC}") = "DeleteCommand", "DeleteCommand\DeleteCommand.csproj", "{6603710A-F2D8-4B22-B59B-934298C27DE2}"
EndProject
Global
	GlobalSection(SolutionConfigurationPlatforms) = preSolution
		Debug|Any CPU = Debug|Any CPU
		Release|Any CPU = Release|Any CPU
	EndGlobalSection
	GlobalSection(ProjectConfigurationPlatforms) = postSolution
		{746D5B0C-FE27-4034-BB40-8EE195CA9B44}.Debug|Any CPU.ActiveCfg = Debug|Any CPU
		{746D5B0C-FE27-4034-BB40-8EE195CA9B44}.Debug|Any CPU.Build.0 = Debug|Any CPU
		{746D5B0C-FE27-4034-BB40-8EE195CA9B44}.Release|Any CPU.ActiveCfg = Release|Any CPU
		{746D5B0C-FE27-4034-BB40-8EE195CA9B44}.Release|Any CPU.Build.0 = Release|Any CPU
		{06483406-D149-4C2D-A94D-4D5D34F59DF9}.Debug|Any CPU.ActiveCfg = Debug|Any CPU
		{06483406-D149-4C2D-A94D-4D5D34F59DF9}.Debug|Any CPU.Build.0 = Debug|Any CPU
		{06483406-D149-4C2D-A94D-4D5D34F59DF9}.Release|Any CPU.ActiveCfg = Release|Any CPU
		{06483406-D149-4C2D-A94D-4D5D34F59DF9}.Release|Any CPU.Build.0 = Release|Any CPU
		{0939DA83-618C-4D04-AAD4-55CD6EEAB7C1}.Debug|Any CPU.ActiveCfg = Debug|Any CPU
		{0939DA83-618C-4D04-AAD4-55CD6EEAB7C1}.Debug|Any CPU.Build.0 = Debug|Any CPU
		{0939DA83-618C-4D04-AAD4-55CD6EEAB7C1}.Release|Any CPU.ActiveCfg = Release|Any CPU
		{0939DA83-618C-4D04-AAD4-55CD6EEAB7C1}.Release|Any CPU.Build.0 = Release|Any CPU
		{7171AB2F-98E3-48C7-89B1-4B6AAA4DF171}.Debug|Any CPU.ActiveCfg = Debug|Any CPU
		{7171AB2F-98E3-48C7-89B1-4B6AAA4DF171}.Debug|Any CPU.Build.0 = Debug|Any CPU
		{7171AB2F-98E3-48C7-89B1-4B6AAA4DF171}.Release|Any CPU.ActiveCfg = Release|Any CPU
		{7171AB2F-98E3-48C7-89B1-4B6AAA4DF171}.Release|Any CPU.Build.0 = Release|Any CPU
		{6603710A-F2D8-4B22-B59B-934298C27DE2}.Debug|Any CPU.ActiveCfg = Debug|Any CPU
		{6603710A-F2D8-4B22-B59B-934298C27DE2}.Debug|Any CPU.Build.0 = Debug|Any CPU
		{6603710A-F2D8-4B22-B59B-934298C27DE2}.Release|Any CPU.ActiveCfg = Release|Any CPU
		{6603710A-F2D8-4B22-B59B-934298C27DE2}.Release|Any CPU.Build.0 = Release|Any CPU
	EndGlobalSection
	GlobalSection(SolutionProperties) = preSolution
		HideSolutionNode = FALSE
	EndGlobalSection
	GlobalSection(ExtensibilityGlobals) = postSolution
		SolutionGuid = {1DED4DEA-6BFD-431E-8DEE-E667A24CC25D}
	EndGlobalSection
EndGlobal
